
Microsoft Visual Studio Solution File, Format Version 12.00
# Visual Studio Version 16
VisualStudioVersion = 16.0.31129.286
MinimumVisualStudioVersion = 10.0.40219.1
Project("{2150E333-8FDC-42A3-9474-1A3956D46DE8}") = "Solution Items", "Solution Items", "{56D1B007-A076-4373-9852-949E72BBBBE9}"
	ProjectSection(SolutionItems) = preProject
		.editorconfig = .editorconfig
		.gitattributes = .gitattributes
		.gitignore = .gitignore
		azure-pipelines.yml = azure-pipelines.yml
		HISTORY.md = HISTORY.md
		polaris.yml = polaris.yml
		README.md = README.md
		stylecop.json = stylecop.json
	EndProjectSection
EndProject
Project("{4DF76451-A46A-4C0B-BE03-459FAAFA07E6}") = "ADHPowerQuery", "ADHPowerQuery\ADHPowerQuery.mproj", "{CF95B49A-D646-4C07-81C5-EF76EA2F43F3}"
EndProject
Project("{9A19103F-16F7-4668-BE54-9A1E7A4F7556}") = "ADHPowerQueryTest", "ADHPowerQueryTest\ADHPowerQueryTest.csproj", "{6853115D-1C66-4CAD-BF98-EBC62A166989}"
EndProject
Global
	GlobalSection(SolutionConfigurationPlatforms) = preSolution
		Debug|Any CPU = Debug|Any CPU
		Debug|x86 = Debug|x86
		Release|Any CPU = Release|Any CPU
		Release|x86 = Release|x86
	EndGlobalSection
	GlobalSection(ProjectConfigurationPlatforms) = postSolution
		{CF95B49A-D646-4C07-81C5-EF76EA2F43F3}.Debug|Any CPU.ActiveCfg = Debug|x86
		{CF95B49A-D646-4C07-81C5-EF76EA2F43F3}.Debug|x86.ActiveCfg = Debug|x86
		{CF95B49A-D646-4C07-81C5-EF76EA2F43F3}.Debug|x86.Build.0 = Debug|x86
		{CF95B49A-D646-4C07-81C5-EF76EA2F43F3}.Release|Any CPU.ActiveCfg = Release|x86
		{CF95B49A-D646-4C07-81C5-EF76EA2F43F3}.Release|x86.ActiveCfg = Release|x86
		{CF95B49A-D646-4C07-81C5-EF76EA2F43F3}.Release|x86.Build.0 = Release|x86
		{6853115D-1C66-4CAD-BF98-EBC62A166989}.Debug|Any CPU.ActiveCfg = Debug|Any CPU
		{6853115D-1C66-4CAD-BF98-EBC62A166989}.Debug|Any CPU.Build.0 = Debug|Any CPU
		{6853115D-1C66-4CAD-BF98-EBC62A166989}.Debug|x86.ActiveCfg = Debug|Any CPU
		{6853115D-1C66-4CAD-BF98-EBC62A166989}.Debug|x86.Build.0 = Debug|Any CPU
		{6853115D-1C66-4CAD-BF98-EBC62A166989}.Release|Any CPU.ActiveCfg = Release|Any CPU
		{6853115D-1C66-4CAD-BF98-EBC62A166989}.Release|Any CPU.Build.0 = Release|Any CPU
		{6853115D-1C66-4CAD-BF98-EBC62A166989}.Release|x86.ActiveCfg = Release|Any CPU
		{6853115D-1C66-4CAD-BF98-EBC62A166989}.Release|x86.Build.0 = Release|Any CPU
	EndGlobalSection
	GlobalSection(SolutionProperties) = preSolution
		HideSolutionNode = FALSE
	EndGlobalSection
	GlobalSection(ExtensibilityGlobals) = postSolution
		SolutionGuid = {D88B7B06-C4BE-4A34-92F3-F870FE62B568}
	EndGlobalSection
EndGlobal
